
Microsoft Visual Studio Solution File, Format Version 12.00
# Visual Studio Version 17
VisualStudioVersion = 17.1.32210.238
MinimumVisualStudioVersion = 10.0.40219.1
Project("{2150E333-8FDC-42A3-9474-1A3956D46DE8}") = "BackEnd", "BackEnd", "{4CE874AE-61A8-4803-8E5A-866D07F086B7}"
EndProject
Project("{2150E333-8FDC-42A3-9474-1A3956D46DE8}") = "Common", "Common", "{87C3EBA8-B3D3-4AA3-BE2E-9CFC7DCDD356}"
EndProject
Project("{2150E333-8FDC-42A3-9474-1A3956D46DE8}") = "FrontEnd", "FrontEnd", "{50D1B9B9-3E25-49B8-9B3A-D47763DE6A33}"
EndProject
Project("{FAE04EC0-301F-11D3-BF4B-00C04F79EFBC}") = "SouthAfricanNumbers.DomainModel", "SouthAfricanNumbers.DomainModel\SouthAfricanNumbers.DomainModel.csproj", "{96E896E0-C1AE-4F95-8AD3-69496F17AE99}"
EndProject
Global
	GlobalSection(SolutionConfigurationPlatforms) = preSolution
		Debug|Any CPU = Debug|Any CPU
		Release|Any CPU = Release|Any CPU
	EndGlobalSection
	GlobalSection(ProjectConfigurationPlatforms) = postSolution
		{96E896E0-C1AE-4F95-8AD3-69496F17AE99}.Debug|Any CPU.ActiveCfg = Debug|Any CPU
		{96E896E0-C1AE-4F95-8AD3-69496F17AE99}.Debug|Any CPU.Build.0 = Debug|Any CPU
		{96E896E0-C1AE-4F95-8AD3-69496F17AE99}.Release|Any CPU.ActiveCfg = Release|Any CPU
		{96E896E0-C1AE-4F95-8AD3-69496F17AE99}.Release|Any CPU.Build.0 = Release|Any CPU
	EndGlobalSection
	GlobalSection(SolutionProperties) = preSolution
		HideSolutionNode = FALSE
	EndGlobalSection
	GlobalSection(NestedProjects) = preSolution
		{96E896E0-C1AE-4F95-8AD3-69496F17AE99} = {87C3EBA8-B3D3-4AA3-BE2E-9CFC7DCDD356}
	EndGlobalSection
	GlobalSection(ExtensibilityGlobals) = postSolution
		SolutionGuid = {CE36ECDA-4B09-464F-92DB-D076E7D6FEFB}
	EndGlobalSection
EndGlobal
